// !$*UTF8*$!
{
	archiveVersion = 1;
	classes = {
	};
	objectVersion = 46;
	objects = {

/* Begin PBXBuildFile section */
		99E19AE81EF7A160009C8A68 /* AppDelegate.swift in Sources */ = {isa = PBXBuildFile; fileRef = 99E19AE71EF7A160009C8A68 /* AppDelegate.swift */; };
		99E19AEA1EF7A160009C8A68 /* ViewController.swift in Sources */ = {isa = PBXBuildFile; fileRef = 99E19AE91EF7A160009C8A68 /* ViewController.swift */; };
		99E19AED1EF7A160009C8A68 /* Main.storyboard in Resources */ = {isa = PBXBuildFile; fileRef = 99E19AEB1EF7A160009C8A68 /* Main.storyboard */; };
		99E19AEF1EF7A160009C8A68 /* Assets.xcassets in Resources */ = {isa = PBXBuildFile; fileRef = 99E19AEE1EF7A160009C8A68 /* Assets.xcassets */; };
		99E19AF21EF7A160009C8A68 /* LaunchScreen.storyboard in Resources */ = {isa = PBXBuildFile; fileRef = 99E19AF01EF7A160009C8A68 /* LaunchScreen.storyboard */; };
		99E19AFA1EF7A26A009C8A68 /* Note.swift in Sources */ = {isa = PBXBuildFile; fileRef = 99E19AF91EF7A26A009C8A68 /* Note.swift */; };
/* End PBXBuildFile section */

/* Begin PBXFileReference section */
		99E19AE41EF7A160009C8A68 /* memo.app */ = {isa = PBXFileReference; explicitFileType = wrapper.application; includeInIndex = 0; path = memo.app; sourceTree = BUILT_PRODUCTS_DIR; };
		99E19AE71EF7A160009C8A68 /* AppDelegate.swift */ = {isa = PBXFileReference; lastKnownFileType = sourcecode.swift; path = AppDelegate.swift; sourceTree = "<group>"; };
		99E19AE91EF7A160009C8A68 /* ViewController.swift */ = {isa = PBXFileReference; lastKnownFileType = sourcecode.swift; path = ViewController.swift; sourceTree = "<group>"; };
		99E19AEC1EF7A160009C8A68 /* Base */ = {isa = PBXFileReference; lastKnownFileType = file.storyboard; name = Base; path = Base.lproj/Main.storyboard; sourceTree = "<group>"; };
		99E19AEE1EF7A160009C8A68 /* Assets.xcassets */ = {isa = PBXFileReference; lastKnownFileType = folder.assetcatalog; path = Assets.xcassets; sourceTree = "<group>"; };
		99E19AF11EF7A160009C8A68 /* Base */ = {isa = PBXFileReference; lastKnownFileType = file.storyboard; name = Base; path = Base.lproj/LaunchScreen.storyboard; sourceTree = "<group>"; };
		99E19AF31EF7A160009C8A68 /* Info.plist */ = {isa = PBXFileReference; lastKnownFileType = text.plist.xml; path = Info.plist; sourceTree = "<group>"; };
		99E19AF91EF7A26A009C8A68 /* Note.swift */ = {isa = PBXFileReference; fileEncoding = 4; lastKnownFileType = sourcecode.swift; path = Note.swift; sourceTree = "<group>"; };
/* End PBXFileReference section */

/* Begin PBXFrameworksBuildPhase section */
		99E19AE11EF7A160009C8A68 /* Frameworks */ = {
			isa = PBXFrameworksBuildPhase;
			buildActionMask = 2147483647;
			files = (
			);
			runOnlyForDeploymentPostprocessing = 0;
		};
/* End PBXFrameworksBuildPhase section */

/* Begin PBXGroup section */
		99E19ADB1EF7A160009C8A68 = {
			isa = PBXGroup;
			children = (
				99E19AE61EF7A160009C8A68 /* memo */,
				99E19AE51EF7A160009C8A68 /* Products */,
			);
			sourceTree = "<group>";
		};
		99E19AE51EF7A160009C8A68 /* Products */ = {
			isa = PBXGroup;
			children = (
				99E19AE41EF7A160009C8A68 /* memo.app */,
			);
			name = Products;
			sourceTree = "<group>";
		};
		99E19AE61EF7A160009C8A68 /* memo */ = {
			isa = PBXGroup;
			children = (
				99E19AE71EF7A160009C8A68 /* AppDelegate.swift */,
				99E19AE91EF7A160009C8A68 /* ViewController.swift */,
				99E19AF91EF7A26A009C8A68 /* Note.swift */,
				99E19AEB1EF7A160009C8A68 /* Main.storyboard */,
				99E19AEE1EF7A160009C8A68 /* Assets.xcassets */,
				99E19AF01EF7A160009C8A68 /* LaunchScreen.storyboard */,
				99E19AF31EF7A160009C8A68 /* Info.plist */,
			);
			path = memo;
			sourceTree = "<group>";
		};
/* End PBXGroup section */

/* Begin PBXNativeTarget section */
		99E19AE31EF7A160009C8A68 /* memo */ = {
			isa = PBXNativeTarget;
			buildConfigurationList = 99E19AF61EF7A160009C8A68 /* Build configuration list for PBXNativeTarget "memo" */;
			buildPhases = (
				99E19AE01EF7A160009C8A68 /* Sources */,
				99E19AE11EF7A160009C8A68 /* Frameworks */,
				99E19AE21EF7A160009C8A68 /* Resources */,
			);
			buildRules = (
			);
			dependencies = (
			);
			name = memo;
			productName = memo;
			productReference = 99E19AE41EF7A160009C8A68 /* memo.app */;
			productType = "com.apple.product-type.application";
		};
/* End PBXNativeTarget section */

/* Begin PBXProject section */
		99E19ADC1EF7A160009C8A68 /* Project object */ = {
			isa = PBXProject;
			attributes = {
				LastSwiftUpdateCheck = 0810;
				LastUpgradeCheck = 0810;
				ORGANIZATIONNAME = "Unicorn Mobile, LLC";
				TargetAttributes = {
					99E19AE31EF7A160009C8A68 = {
						CreatedOnToolsVersion = 8.1;
						ProvisioningStyle = Automatic;
					};
				};
			};
			buildConfigurationList = 99E19ADF1EF7A160009C8A68 /* Build configuration list for PBXProject "memo" */;
			compatibilityVersion = "Xcode 3.2";
			developmentRegion = English;
			hasScannedForEncodings = 0;
			knownRegions = (
				en,
				Base,
			);
			mainGroup = 99E19ADB1EF7A160009C8A68;
			productRefGroup = 99E19AE51EF7A160009C8A68 /* Products */;
			projectDirPath = "";
			projectRoot = "";
			targets = (
				99E19AE31EF7A160009C8A68 /* memo */,
			);
		};
/* End PBXProject section */

/* Begin PBXResourcesBuildPhase section */
		99E19AE21EF7A160009C8A68 /* Resources */ = {
			isa = PBXResourcesBuildPhase;
			buildActionMask = 2147483647;
			files = (
				99E19AF21EF7A160009C8A68 /* LaunchScreen.storyboard in Resources */,
				99E19AEF1EF7A160009C8A68 /* Assets.xcassets in Resources */,
				99E19AED1EF7A160009C8A68 /* Main.storyboard in Resources */,
			);
			runOnlyForDeploymentPostprocessing = 0;
		};
/* End PBXResourcesBuildPhase section */

/* Begin PBXSourcesBuildPhase section */
		99E19AE01EF7A160009C8A68 /* Sources */ = {
			isa = PBXSourcesBuildPhase;
			buildActionMask = 2147483647;
			files = (
				99E19AEA1EF7A160009C8A68 /* ViewController.swift in Sources */,
				99E19AE81EF7A160009C8A68 /* AppDelegate.swift in Sources */,
				99E19AFA1EF7A26A009C8A68 /* Note.swift in Sources */,
			);
			runOnlyForDeploymentPostprocessing = 0;
		};
/* End PBXSourcesBuildPhase section */

/* Begin PBXVariantGroup section */
		99E19AEB1EF7A160009C8A68 /* Main.storyboard */ = {
			isa = PBXVariantGroup;
			children = (
				99E19AEC1EF7A160009C8A68 /* Base */,
			);
			name = Main.storyboard;
			sourceTree = "<group>";
		};
		99E19AF01EF7A160009C8A68 /* LaunchScreen.storyboard */ = {
			isa = PBXVariantGroup;
			children = (
				99E19AF11EF7A160009C8A68 /* Base */,
			);
			name = LaunchScreen.storyboard;
			sourceTree = "<group>";
		};
/* End PBXVariantGroup section */

/* Begin XCBuildConfiguration section */
		99E19AF41EF7A160009C8A68 /* Debug */ = {
			isa = XCBuildConfiguration;
			buildSettings = {
				ALWAYS_SEARCH_USER_PATHS = NO;
				CLANG_ANALYZER_NONNULL = YES;
				CLANG_CXX_LANGUAGE_STANDARD = "gnu++0x";
				CLANG_CXX_LIBRARY = "libc++";
				CLANG_ENABLE_MODULES = YES;
				CLANG_ENABLE_OBJC_ARC = YES;
				CLANG_WARN_BOOL_CONVERSION = YES;
				CLANG_WARN_CONSTANT_CONVERSION = YES;
				CLANG_WARN_DIRECT_OBJC_ISA_USAGE = YES_ERROR;
				CLANG_WARN_DOCUMENTATION_COMMENTS = YES;
				CLANG_WARN_EMPTY_BODY = YES;
				CLANG_WARN_ENUM_CONVERSION = YES;
				CLANG_WARN_INFINITE_RECURSION = YES;
				CLANG_WARN_INT_CONVERSION = YES;
				CLANG_WARN_OBJC_ROOT_CLASS = YES_ERROR;
				CLANG_WARN_SUSPICIOUS_MOVES = YES;
				CLANG_WARN_UNREACHABLE_CODE = YES;
				CLANG_WARN__DUPLICATE_METHOD_MATCH = YES;
				"CODE_SIGN_IDENTITY[sdk=iphoneos*]" = "iPhone Developer";
				COPY_PHASE_STRIP = NO;
				DEBUG_INFORMATION_FORMAT = dwarf;
				ENABLE_STRICT_OBJC_MSGSEND = YES;
				ENABLE_TESTABILITY = YES;
				GCC_C_LANGUAGE_STANDARD = gnu99;
				GCC_DYNAMIC_NO_PIC = NO;
				GCC_NO_COMMON_BLOCKS = YES;
				GCC_OPTIMIZATION_LEVEL = 0;
				GCC_PREPROCESSOR_DEFINITIONS = (
					"DEBUG=1",
					"$(inherited)",
				);
				GCC_WARN_64_TO_32_BIT_CONVERSION = YES;
				GCC_WARN_ABOUT_RETURN_TYPE = YES_ERROR;
				GCC_WARN_UNDECLARED_SELECTOR = YES;
				GCC_WARN_UNINITIALIZED_AUTOS = YES_AGGRESSIVE;
				GCC_WARN_UNUSED_FUNCTION = YES;
				GCC_WARN_UNUSED_VARIABLE = YES;
				IPHONEOS_DEPLOYMENT_TARGET = 10.1;
				MTL_ENABLE_DEBUG_INFO = YES;
				ONLY_ACTIVE_ARCH = YES;
				SDKROOT = iphoneos;
				SWIFT_ACTIVE_COMPILATION_CONDITIONS = DEBUG;
				SWIFT_OPTIMIZATION_LEVEL = "-Onone";
			};
			name = Debug;
		};
		99E19AF51EF7A160009C8A68 /* Release */ = {
			isa = XCBuildConfiguration;
			buildSettings = {
				ALWAYS_SEARCH_USER_PATHS = NO;
				CLANG_ANALYZER_NONNULL = YES;
				CLANG_CXX_LANGUAGE_STANDARD = "gnu++0x";
				CLANG_CXX_LIBRARY = "libc++";
				CLANG_ENABLE_MODULES = YES;
				CLANG_ENABLE_OBJC_ARC = YES;
				CLANG_WARN_BOOL_CONVERSION = YES;
				CLANG_WARN_CONSTANT_CONVERSION = YES;
				CLANG_WARN_DIRECT_OBJC_ISA_USAGE = YES_ERROR;
				CLANG_WARN_DOCUMENTATION_COMMENTS = YES;
				CLANG_WARN_EMPTY_BODY = YES;
				CLANG_WARN_ENUM_CONVERSION = YES;
				CLANG_WARN_INFINITE_RECURSION = YES;
				CLANG_WARN_INT_CONVERSION = YES;
				CLANG_WARN_OBJC_ROOT_CLASS = YES_ERROR;
				CLANG_WARN_SUSPICIOUS_MOVES = YES;
				CLANG_WARN_UNREACHABLE_CODE = YES;
				CLANG_WARN__DUPLICATE_METHOD_MATCH = YES;
				"CODE_SIGN_IDENTITY[sdk=iphoneos*]" = "iPhone Developer";
				COPY_PHASE_STRIP = NO;
				DEBUG_INFORMATION_FORMAT = "dwarf-with-dsym";
				ENABLE_NS_ASSERTIONS = NO;
				ENABLE_STRICT_OBJC_MSGSEND = YES;
				GCC_C_LANGUAGE_STANDARD = gnu99;
				GCC_NO_COMMON_BLOCKS = YES;
				GCC_WARN_64_TO_32_BIT_CONVERSION = YES;
				GCC_WARN_ABOUT_RETURN_TYPE = YES_ERROR;
				GCC_WARN_UNDECLARED_SELECTOR = YES;
				GCC_WARN_UNINITIALIZED_AUTOS = YES_AGGRESSIVE;
				GCC_WARN_UNUSED_FUNCTION = YES;
				GCC_WARN_UNUSED_VARIABLE = YES;
				IPHONEOS_DEPLOYMENT_TARGET = 10.1;
				MTL_ENABLE_DEBUG_INFO = NO;
				SDKROOT = iphoneos;
				SWIFT_OPTIMIZATION_LEVEL = "-Owholemodule";
				VALIDATE_PRODUCT = YES;
			};
			name = Release;
		};
		99E19AF71EF7A160009C8A68 /* Debug */ = {
			isa = XCBuildConfiguration;
			buildSettings = {
				ASSETCATALOG_COMPILER_APPICON_NAME = AppIcon;
				INFOPLIST_FILE = memo/Info.plist;
				LD_RUNPATH_SEARCH_PATHS = "$(inherited) @executable_path/Frameworks";
				PRODUCT_BUNDLE_IDENTIFIER = io.unicornmobile.memo;
				PRODUCT_NAME = "$(TARGET_NAME)";
				SWIFT_VERSION = 3.0;
			};
			name = Debug;
		};
		99E19AF81EF7A160009C8A68 /* Release */ = {
			isa = XCBuildConfiguration;
			buildSettings = {
				ASSETCATALOG_COMPILER_APPICON_NAME = AppIcon;
				INFOPLIST_FILE = memo/Info.plist;
				LD_RUNPATH_SEARCH_PATHS = "$(inherited) @executable_path/Frameworks";
				PRODUCT_BUNDLE_IDENTIFIER = io.unicornmobile.memo;
				PRODUCT_NAME = "$(TARGET_NAME)";
				SWIFT_VERSION = 3.0;
			};
			name = Release;
		};
/* End XCBuildConfiguration section */

/* Begin XCConfigurationList section */
		99E19ADF1EF7A160009C8A68 /* Build configuration list for PBXProject "memo" */ = {
			isa = XCConfigurationList;
			buildConfigurations = (
				99E19AF41EF7A160009C8A68 /* Debug */,
				99E19AF51EF7A160009C8A68 /* Release */,
			);
			defaultConfigurationIsVisible = 0;
			defaultConfigurationName = Release;
		};
		99E19AF61EF7A160009C8A68 /* Build configuration list for PBXNativeTarget "memo" */ = {
			isa = XCConfigurationList;
			buildConfigurations = (
				99E19AF71EF7A160009C8A68 /* Debug */,
				99E19AF81EF7A160009C8A68 /* Release */,
			);
			defaultConfigurationIsVisible = 0;
		};
/* End XCConfigurationList section */
	};
	rootObject = 99E19ADC1EF7A160009C8A68 /* Project object */;
}
